
Microsoft Visual Studio Solution File, Format Version 12.00
# Visual Studio Version 16
VisualStudioVersion = 16.0.28803.202
MinimumVisualStudioVersion = 10.0.40219.1
Project("{9A19103F-16F7-4668-BE54-9A1E7A4F7556}") = "Cake.Unity", "Cake.Unity\Cake.Unity.csproj", "{0222DDD2-3716-4E19-854F-EB36D04268D0}"
EndProject
Global
	GlobalSection(SolutionConfigurationPlatforms) = preSolution
		Debug|Any CPU = Debug|Any CPU
		Release|Any CPU = Release|Any CPU
	EndGlobalSection
	GlobalSection(ProjectConfigurationPlatforms) = postSolution
		{0222DDD2-3716-4E19-854F-EB36D04268D0}.Debug|Any CPU.ActiveCfg = Debug|Any CPU
		{0222DDD2-3716-4E19-854F-EB36D04268D0}.Debug|Any CPU.Build.0 = Debug|Any CPU
		{0222DDD2-3716-4E19-854F-EB36D04268D0}.Release|Any CPU.ActiveCfg = Release|Any CPU
		{0222DDD2-3716-4E19-854F-EB36D04268D0}.Release|Any CPU.Build.0 = Release|Any CPU
	EndGlobalSection
	GlobalSection(SolutionProperties) = preSolution
		HideSolutionNode = FALSE
	EndGlobalSection
	GlobalSection(ExtensibilityGlobals) = postSolution
		SolutionGuid = {A9E59E56-A55F-4B76-9773-D5C1CC6171E1}
	EndGlobalSection
EndGlobal
